{
  "pins" : [
    {
      "identity" : "appauth-ios",
      "kind" : "remoteSourceControl",
      "location" : "https://github.com/openid/AppAuth-iOS.git",
      "state" : {
        "revision" : "71cde449f13d453227e687458144bde372d30fc7",
        "version" : "1.6.2"
      }
    },
    {
      "identity" : "autocleaner",
      "kind" : "remoteSourceControl",
      "location" : "https://github.com/swiftarium/AutoCleaner.git",
      "state" : {
        "revision" : "e2612fb66683b5e3b98053ca799527e6a8ab7684",
        "version" : "1.2.0"
      }
    },
    {
      "identity" : "charts",
      "kind" : "remoteSourceControl",
      "location" : "https://github.com/danielgindi/Charts.git",
      "state" : {
        "revision" : "0a229f8c914b0ec93798cee058cf75b339297513",
        "version" : "5.0.0"
      }
    },
    {
      "identity" : "dswaveformimage",
      "kind" : "remoteSourceControl",
      "location" : "https://github.com/dmrschmidt/DSWaveformImage.git",
      "state" : {
        "revision" : "a5416a765e1f6f88ef9f1be8b4751859c1bd7221",
        "version" : "14.2.0"
      }
    },
    {
      "identity" : "eventbus",
      "kind" : "remoteSourceControl",
      "location" : "https://github.com/swiftarium/EventBus.git",
      "state" : {
        "revision" : "083274660833b4313b8209474cdd8a6fd417a882",
        "version" : "1.1.2"
      }
    },
    {
      "identity" : "googlesignin-ios",
      "kind" : "remoteSourceControl",
      "location" : "https://github.com/google/GoogleSignIn-iOS",
      "state" : {
        "revision" : "7932d33686c1dc4d7df7a919aae47361d1cdfda4",
        "version" : "7.0.0"
      }
    },
    {
      "identity" : "gtm-session-fetcher",
      "kind" : "remoteSourceControl",
      "location" : "https://github.com/google/gtm-session-fetcher.git",
      "state" : {
        "revision" : "d415594121c9e8a4f9d79cecee0965cf35e74dbd",
        "version" : "3.1.1"
      }
    },
    {
      "identity" : "gtmappauth",
      "kind" : "remoteSourceControl",
      "location" : "https://github.com/google/GTMAppAuth.git",
      "state" : {
        "revision" : "cee3c709307912d040bd1e06ca919875a92339c6",
        "version" : "2.0.0"
      }
    },
    {
      "identity" : "snapkit",
      "kind" : "remoteSourceControl",
      "location" : "https://github.com/SnapKit/SnapKit.git",
      "state" : {
        "revision" : "f222cbdf325885926566172f6f5f06af95473158",
        "version" : "5.6.0"
      }
    },
    {
      "identity" : "weakref",
      "kind" : "remoteSourceControl",
      "location" : "https://github.com/swiftarium/WeakRef.git",
      "state" : {
        "revision" : "b464717e3d6c47b63df96209f7ba2023d66b6c2e",
        "version" : "1.1.0"
      }
    }
  ],
  "version" : 2
}
