// !$*UTF8*$!
{
	archiveVersion = 1;
	classes = {
	};
	objectVersion = 56;
	objects = {

/* Begin PBXBuildFile section */
		0759A4562AE26A18000FFF76 /* CreatePageCameraViewController.swift in Sources */ = {isa = PBXBuildFile; fileRef = 0759A4552AE26A18000FFF76 /* CreatePageCameraViewController.swift */; };
		0759A4582AE26A39000FFF76 /* CreatePageCameraView.swift in Sources */ = {isa = PBXBuildFile; fileRef = 0759A4572AE26A39000FFF76 /* CreatePageCameraView.swift */; };
		076638FE2ADD22AD00A38FF5 /* CreatePageView.swift in Sources */ = {isa = PBXBuildFile; fileRef = 076638FD2ADD22AD00A38FF5 /* CreatePageView.swift */; };
		0791B34B2AE10B59004B8740 /* AVFoundation.framework in Frameworks */ = {isa = PBXBuildFile; fileRef = 0791B3492AE10A7F004B8740 /* AVFoundation.framework */; };
		0791B34F2AE11846004B8740 /* Recording+CoreDataClass.swift in Sources */ = {isa = PBXBuildFile; fileRef = 0791B34E2AE11846004B8740 /* Recording+CoreDataClass.swift */; };
		07BE50C32AE662060055123F /* User+CoreDataClass.swift in Sources */ = {isa = PBXBuildFile; fileRef = 07BE50C12AE662060055123F /* User+CoreDataClass.swift */; };
		07CBDAA82ADE367300313D15 /* AlertViewDesc.swift in Sources */ = {isa = PBXBuildFile; fileRef = 07CBDAA72ADE367300313D15 /* AlertViewDesc.swift */; };
		07CBDAAA2ADE368400313D15 /* AlertViewControllerDesc.swift in Sources */ = {isa = PBXBuildFile; fileRef = 07CBDAA92ADE368400313D15 /* AlertViewControllerDesc.swift */; };
		07D18F752AD83ECA0080FACA /* CreatePageViewController.swift in Sources */ = {isa = PBXBuildFile; fileRef = 07D18F742AD83ECA0080FACA /* CreatePageViewController.swift */; };
		07D18F7A2AD9482C0080FACA /* AlertView.swift in Sources */ = {isa = PBXBuildFile; fileRef = 07D18F792AD9482C0080FACA /* AlertView.swift */; };
		07D18F7C2AD948450080FACA /* AlertViewController.swift in Sources */ = {isa = PBXBuildFile; fileRef = 07D18F7B2AD948450080FACA /* AlertViewController.swift */; };
		3F14EA8E2AD55E6C0047CE34 /* SnapKit in Frameworks */ = {isa = PBXBuildFile; productRef = 3F14EA8D2AD55E6C0047CE34 /* SnapKit */; };
		3F783A0A2AD7DC1A0024D692 /* Model.xcdatamodeld in Sources */ = {isa = PBXBuildFile; fileRef = 3F783A082AD7DC1A0024D692 /* Model.xcdatamodeld */; };
		3F783A1D2AD7DFBB0024D692 /* EmotionTrash+CoreDataClass.swift in Sources */ = {isa = PBXBuildFile; fileRef = 3F783A172AD7DFBB0024D692 /* EmotionTrash+CoreDataClass.swift */; };
		3F783A242AD805330024D692 /* ColorGuide.swift in Sources */ = {isa = PBXBuildFile; fileRef = 3F783A232AD805330024D692 /* ColorGuide.swift */; };
		3F783A262AD8053D0024D692 /* FontGiude.swift in Sources */ = {isa = PBXBuildFile; fileRef = 3F783A252AD8053D0024D692 /* FontGiude.swift */; };
		3F783A282AD8090E0024D692 /* MyPageCustomCell.swift in Sources */ = {isa = PBXBuildFile; fileRef = 3F783A272AD8090E0024D692 /* MyPageCustomCell.swift */; };
		3F783A2A2AD8C41B0024D692 /* ReportView.swift in Sources */ = {isa = PBXBuildFile; fileRef = 3F783A292AD8C41B0024D692 /* ReportView.swift */; };
		3F783A2D2AD8C4750024D692 /* ReportViewController.swift in Sources */ = {isa = PBXBuildFile; fileRef = 3F783A2C2AD8C4750024D692 /* ReportViewController.swift */; };
		3F783A2F2AD8C81D0024D692 /* MainButton.swift in Sources */ = {isa = PBXBuildFile; fileRef = 3F783A2E2AD8C81D0024D692 /* MainButton.swift */; };
		3F783A312AD8E76B0024D692 /* CloseButton.swift in Sources */ = {isa = PBXBuildFile; fileRef = 3F783A302AD8E76B0024D692 /* CloseButton.swift */; };
		3F783A332AD8EA7E0024D692 /* CircleButton.swift in Sources */ = {isa = PBXBuildFile; fileRef = 3F783A322AD8EA7E0024D692 /* CircleButton.swift */; };
		3F783A352AD931C70024D692 /* ReportSummaryCell.swift in Sources */ = {isa = PBXBuildFile; fileRef = 3F783A342AD931C70024D692 /* ReportSummaryCell.swift */; };
		3F9445592ADCDE4B0003DCD4 /* DGCharts in Frameworks */ = {isa = PBXBuildFile; productRef = 3F9445582ADCDE4B0003DCD4 /* DGCharts */; };
		3F94455B2ADCFFD20003DCD4 /* ReportDayOfTheWeekCell.swift in Sources */ = {isa = PBXBuildFile; fileRef = 3F94455A2ADCFFD20003DCD4 /* ReportDayOfTheWeekCell.swift */; };
		3F94455D2ADD00270003DCD4 /* ReportTimeZoneCell.swift in Sources */ = {isa = PBXBuildFile; fileRef = 3F94455C2ADD00270003DCD4 /* ReportTimeZoneCell.swift */; };
		3F9445622ADF79D80003DCD4 /* SignInService.swift in Sources */ = {isa = PBXBuildFile; fileRef = 3F9445612ADF79D80003DCD4 /* SignInService.swift */; };
		3F9445662ADFD5EA0003DCD4 /* ReportService.swift in Sources */ = {isa = PBXBuildFile; fileRef = 3F9445652ADFD5EA0003DCD4 /* ReportService.swift */; };
		3F9445682AE0D2BF0003DCD4 /* EmotionTrashService.swift in Sources */ = {isa = PBXBuildFile; fileRef = 3F9445672AE0D2BF0003DCD4 /* EmotionTrashService.swift */; };
		3FF18E6E2AE76B9500CC70D2 /* exampleAudio_1.mp3 in Resources */ = {isa = PBXBuildFile; fileRef = 3FF18E6D2AE76B9500CC70D2 /* exampleAudio_1.mp3 */; };
		3FF18E762AE76BEE00CC70D2 /* exampleAudio_2.mp3 in Resources */ = {isa = PBXBuildFile; fileRef = 3FF18E752AE76BEE00CC70D2 /* exampleAudio_2.mp3 */; };
		DE434DF22ADCCD1100C77FE4 /* GoogleSignIn in Frameworks */ = {isa = PBXBuildFile; productRef = DE434DF12ADCCD1100C77FE4 /* GoogleSignIn */; };
		DE434DF42ADCCD1100C77FE4 /* GoogleSignInSwift in Frameworks */ = {isa = PBXBuildFile; productRef = DE434DF32ADCCD1100C77FE4 /* GoogleSignInSwift */; };
		DE434DF72ADCCDD400C77FE4 /* CoreDataManager.swift in Sources */ = {isa = PBXBuildFile; fileRef = DE434DF62ADCCDD400C77FE4 /* CoreDataManager.swift */; };
		DE434DF92ADCCDF500C77FE4 /* UserService.swift in Sources */ = {isa = PBXBuildFile; fileRef = DE434DF82ADCCDF500C77FE4 /* UserService.swift */; };
		DE434DFB2ADCCE0F00C77FE4 /* SignInViewController.swift in Sources */ = {isa = PBXBuildFile; fileRef = DE434DFA2ADCCE0F00C77FE4 /* SignInViewController.swift */; };
		DE434E002ADCCE5200C77FE4 /* SignInView.swift in Sources */ = {isa = PBXBuildFile; fileRef = DE434DFF2ADCCE5200C77FE4 /* SignInView.swift */; };
		DE434E0B2ADE4F0900C77FE4 /* DetailViewController.swift in Sources */ = {isa = PBXBuildFile; fileRef = DE434E0A2ADE4F0900C77FE4 /* DetailViewController.swift */; };
		DE434E0E2ADE4F2800C77FE4 /* DetailView.swift in Sources */ = {isa = PBXBuildFile; fileRef = DE434E0D2ADE4F2800C77FE4 /* DetailView.swift */; };
		DE434E102ADE75D900C77FE4 /* DummyData.swift in Sources */ = {isa = PBXBuildFile; fileRef = DE434E0F2ADE75D900C77FE4 /* DummyData.swift */; };
		DEDA76992ADFB98600EA41C1 /* EmotionTrashCell.swift in Sources */ = {isa = PBXBuildFile; fileRef = DEDA76982ADFB98600EA41C1 /* EmotionTrashCell.swift */; };
		DEFE3A002AD53C3A0076FE11 /* AppDelegate.swift in Sources */ = {isa = PBXBuildFile; fileRef = DEFE39FF2AD53C3A0076FE11 /* AppDelegate.swift */; };
		DEFE3A022AD53C3A0076FE11 /* SceneDelegate.swift in Sources */ = {isa = PBXBuildFile; fileRef = DEFE3A012AD53C3A0076FE11 /* SceneDelegate.swift */; };
		DEFE3A092AD53C3B0076FE11 /* Assets.xcassets in Resources */ = {isa = PBXBuildFile; fileRef = DEFE3A082AD53C3B0076FE11 /* Assets.xcassets */; };
		DEFE3A0C2AD53C3B0076FE11 /* LaunchScreen.storyboard in Resources */ = {isa = PBXBuildFile; fileRef = DEFE3A0A2AD53C3B0076FE11 /* LaunchScreen.storyboard */; };
		DEFE3A172AD53F3C0076FE11 /* RootView.swift in Sources */ = {isa = PBXBuildFile; fileRef = DEFE3A162AD53F3C0076FE11 /* RootView.swift */; };
		DEFE3A1F2AD5402C0076FE11 /* HomeView.swift in Sources */ = {isa = PBXBuildFile; fileRef = DEFE3A1E2AD5402C0076FE11 /* HomeView.swift */; };
		DEFE3A222AD541250076FE11 /* EventBus in Frameworks */ = {isa = PBXBuildFile; productRef = DEFE3A212AD541250076FE11 /* EventBus */; };
		DEFE3A252AD541820076FE11 /* MyPageView.swift in Sources */ = {isa = PBXBuildFile; fileRef = DEFE3A242AD541820076FE11 /* MyPageView.swift */; };
		DEFE3A282AD541FB0076FE11 /* RootViewController.swift in Sources */ = {isa = PBXBuildFile; fileRef = DEFE3A272AD541FB0076FE11 /* RootViewController.swift */; };
		DEFE3A2B2AD542300076FE11 /* HomeViewController.swift in Sources */ = {isa = PBXBuildFile; fileRef = DEFE3A2A2AD542300076FE11 /* HomeViewController.swift */; };
		DEFE3A2D2AD5429D0076FE11 /* MyPageViewController.swift in Sources */ = {isa = PBXBuildFile; fileRef = DEFE3A2C2AD5429D0076FE11 /* MyPageViewController.swift */; };
		DEFE3A302AD5440F0076FE11 /* MainViewController.swift in Sources */ = {isa = PBXBuildFile; fileRef = DEFE3A2F2AD5440F0076FE11 /* MainViewController.swift */; };
/* End PBXBuildFile section */

/* Begin PBXFileReference section */
		0759A4552AE26A18000FFF76 /* CreatePageCameraViewController.swift */ = {isa = PBXFileReference; lastKnownFileType = sourcecode.swift; path = CreatePageCameraViewController.swift; sourceTree = "<group>"; };
		0759A4572AE26A39000FFF76 /* CreatePageCameraView.swift */ = {isa = PBXFileReference; lastKnownFileType = sourcecode.swift; path = CreatePageCameraView.swift; sourceTree = "<group>"; };
		076638FD2ADD22AD00A38FF5 /* CreatePageView.swift */ = {isa = PBXFileReference; lastKnownFileType = sourcecode.swift; path = CreatePageView.swift; sourceTree = "<group>"; };
		0791B3492AE10A7F004B8740 /* AVFoundation.framework */ = {isa = PBXFileReference; lastKnownFileType = wrapper.framework; name = AVFoundation.framework; path = System/Library/Frameworks/AVFoundation.framework; sourceTree = SDKROOT; };
		0791B34E2AE11846004B8740 /* Recording+CoreDataClass.swift */ = {isa = PBXFileReference; lastKnownFileType = sourcecode.swift; path = "Recording+CoreDataClass.swift"; sourceTree = "<group>"; };
		07BE50C12AE662060055123F /* User+CoreDataClass.swift */ = {isa = PBXFileReference; lastKnownFileType = sourcecode.swift; path = "User+CoreDataClass.swift"; sourceTree = "<group>"; };
		07CBDAA72ADE367300313D15 /* AlertViewDesc.swift */ = {isa = PBXFileReference; lastKnownFileType = sourcecode.swift; path = AlertViewDesc.swift; sourceTree = "<group>"; };
		07CBDAA92ADE368400313D15 /* AlertViewControllerDesc.swift */ = {isa = PBXFileReference; lastKnownFileType = sourcecode.swift; path = AlertViewControllerDesc.swift; sourceTree = "<group>"; };
		07D18F742AD83ECA0080FACA /* CreatePageViewController.swift */ = {isa = PBXFileReference; lastKnownFileType = sourcecode.swift; path = CreatePageViewController.swift; sourceTree = "<group>"; };
		07D18F792AD9482C0080FACA /* AlertView.swift */ = {isa = PBXFileReference; lastKnownFileType = sourcecode.swift; path = AlertView.swift; sourceTree = "<group>"; };
		07D18F7B2AD948450080FACA /* AlertViewController.swift */ = {isa = PBXFileReference; lastKnownFileType = sourcecode.swift; path = AlertViewController.swift; sourceTree = "<group>"; };
		3F783A092AD7DC1A0024D692 /* Model.xcdatamodel */ = {isa = PBXFileReference; lastKnownFileType = wrapper.xcdatamodel; path = Model.xcdatamodel; sourceTree = "<group>"; };
		3F783A172AD7DFBB0024D692 /* EmotionTrash+CoreDataClass.swift */ = {isa = PBXFileReference; lastKnownFileType = sourcecode.swift; path = "EmotionTrash+CoreDataClass.swift"; sourceTree = "<group>"; };
		3F783A232AD805330024D692 /* ColorGuide.swift */ = {isa = PBXFileReference; lastKnownFileType = sourcecode.swift; path = ColorGuide.swift; sourceTree = "<group>"; };
		3F783A252AD8053D0024D692 /* FontGiude.swift */ = {isa = PBXFileReference; lastKnownFileType = sourcecode.swift; path = FontGiude.swift; sourceTree = "<group>"; };
		3F783A272AD8090E0024D692 /* MyPageCustomCell.swift */ = {isa = PBXFileReference; lastKnownFileType = sourcecode.swift; path = MyPageCustomCell.swift; sourceTree = "<group>"; };
		3F783A292AD8C41B0024D692 /* ReportView.swift */ = {isa = PBXFileReference; lastKnownFileType = sourcecode.swift; path = ReportView.swift; sourceTree = "<group>"; };
		3F783A2C2AD8C4750024D692 /* ReportViewController.swift */ = {isa = PBXFileReference; lastKnownFileType = sourcecode.swift; path = ReportViewController.swift; sourceTree = "<group>"; };
		3F783A2E2AD8C81D0024D692 /* MainButton.swift */ = {isa = PBXFileReference; lastKnownFileType = sourcecode.swift; path = MainButton.swift; sourceTree = "<group>"; };
		3F783A302AD8E76B0024D692 /* CloseButton.swift */ = {isa = PBXFileReference; lastKnownFileType = sourcecode.swift; path = CloseButton.swift; sourceTree = "<group>"; };
		3F783A322AD8EA7E0024D692 /* CircleButton.swift */ = {isa = PBXFileReference; lastKnownFileType = sourcecode.swift; path = CircleButton.swift; sourceTree = "<group>"; };
		3F783A342AD931C70024D692 /* ReportSummaryCell.swift */ = {isa = PBXFileReference; lastKnownFileType = sourcecode.swift; path = ReportSummaryCell.swift; sourceTree = "<group>"; };
		3F94455A2ADCFFD20003DCD4 /* ReportDayOfTheWeekCell.swift */ = {isa = PBXFileReference; lastKnownFileType = sourcecode.swift; path = ReportDayOfTheWeekCell.swift; sourceTree = "<group>"; };
		3F94455C2ADD00270003DCD4 /* ReportTimeZoneCell.swift */ = {isa = PBXFileReference; lastKnownFileType = sourcecode.swift; path = ReportTimeZoneCell.swift; sourceTree = "<group>"; };
		3F9445612ADF79D80003DCD4 /* SignInService.swift */ = {isa = PBXFileReference; lastKnownFileType = sourcecode.swift; path = SignInService.swift; sourceTree = "<group>"; };
		3F9445652ADFD5EA0003DCD4 /* ReportService.swift */ = {isa = PBXFileReference; lastKnownFileType = sourcecode.swift; path = ReportService.swift; sourceTree = "<group>"; };
		3F9445672AE0D2BF0003DCD4 /* EmotionTrashService.swift */ = {isa = PBXFileReference; lastKnownFileType = sourcecode.swift; path = EmotionTrashService.swift; sourceTree = "<group>"; };
		3FF18E6D2AE76B9500CC70D2 /* exampleAudio_1.mp3 */ = {isa = PBXFileReference; lastKnownFileType = audio.mp3; path = exampleAudio_1.mp3; sourceTree = "<group>"; };
		3FF18E752AE76BEE00CC70D2 /* exampleAudio_2.mp3 */ = {isa = PBXFileReference; lastKnownFileType = audio.mp3; path = exampleAudio_2.mp3; sourceTree = "<group>"; };
		DE434DF62ADCCDD400C77FE4 /* CoreDataManager.swift */ = {isa = PBXFileReference; lastKnownFileType = sourcecode.swift; path = CoreDataManager.swift; sourceTree = "<group>"; };
		DE434DF82ADCCDF500C77FE4 /* UserService.swift */ = {isa = PBXFileReference; lastKnownFileType = sourcecode.swift; path = UserService.swift; sourceTree = "<group>"; };
		DE434DFA2ADCCE0F00C77FE4 /* SignInViewController.swift */ = {isa = PBXFileReference; lastKnownFileType = sourcecode.swift; path = SignInViewController.swift; sourceTree = "<group>"; };
		DE434DFF2ADCCE5200C77FE4 /* SignInView.swift */ = {isa = PBXFileReference; lastKnownFileType = sourcecode.swift; path = SignInView.swift; sourceTree = "<group>"; };
		DE434E0A2ADE4F0900C77FE4 /* DetailViewController.swift */ = {isa = PBXFileReference; lastKnownFileType = sourcecode.swift; path = DetailViewController.swift; sourceTree = "<group>"; };
		DE434E0D2ADE4F2800C77FE4 /* DetailView.swift */ = {isa = PBXFileReference; lastKnownFileType = sourcecode.swift; path = DetailView.swift; sourceTree = "<group>"; };
		DE434E0F2ADE75D900C77FE4 /* DummyData.swift */ = {isa = PBXFileReference; lastKnownFileType = sourcecode.swift; path = DummyData.swift; sourceTree = "<group>"; };
		DEDA76982ADFB98600EA41C1 /* EmotionTrashCell.swift */ = {isa = PBXFileReference; lastKnownFileType = sourcecode.swift; path = EmotionTrashCell.swift; sourceTree = "<group>"; };
		DEFE39FC2AD53C3A0076FE11 /* HWIBAL.app */ = {isa = PBXFileReference; explicitFileType = wrapper.application; includeInIndex = 0; path = HWIBAL.app; sourceTree = BUILT_PRODUCTS_DIR; };
		DEFE39FF2AD53C3A0076FE11 /* AppDelegate.swift */ = {isa = PBXFileReference; lastKnownFileType = sourcecode.swift; path = AppDelegate.swift; sourceTree = "<group>"; };
		DEFE3A012AD53C3A0076FE11 /* SceneDelegate.swift */ = {isa = PBXFileReference; lastKnownFileType = sourcecode.swift; path = SceneDelegate.swift; sourceTree = "<group>"; };
		DEFE3A082AD53C3B0076FE11 /* Assets.xcassets */ = {isa = PBXFileReference; lastKnownFileType = folder.assetcatalog; path = Assets.xcassets; sourceTree = "<group>"; };
		DEFE3A0B2AD53C3B0076FE11 /* Base */ = {isa = PBXFileReference; lastKnownFileType = file.storyboard; name = Base; path = Base.lproj/LaunchScreen.storyboard; sourceTree = "<group>"; };
		DEFE3A0D2AD53C3B0076FE11 /* Info.plist */ = {isa = PBXFileReference; lastKnownFileType = text.plist.xml; path = Info.plist; sourceTree = "<group>"; };
		DEFE3A162AD53F3C0076FE11 /* RootView.swift */ = {isa = PBXFileReference; lastKnownFileType = sourcecode.swift; path = RootView.swift; sourceTree = "<group>"; };
		DEFE3A1E2AD5402C0076FE11 /* HomeView.swift */ = {isa = PBXFileReference; lastKnownFileType = sourcecode.swift; path = HomeView.swift; sourceTree = "<group>"; };
		DEFE3A242AD541820076FE11 /* MyPageView.swift */ = {isa = PBXFileReference; lastKnownFileType = sourcecode.swift; path = MyPageView.swift; sourceTree = "<group>"; };
		DEFE3A272AD541FB0076FE11 /* RootViewController.swift */ = {isa = PBXFileReference; lastKnownFileType = sourcecode.swift; path = RootViewController.swift; sourceTree = "<group>"; };
		DEFE3A2A2AD542300076FE11 /* HomeViewController.swift */ = {isa = PBXFileReference; lastKnownFileType = sourcecode.swift; path = HomeViewController.swift; sourceTree = "<group>"; };
		DEFE3A2C2AD5429D0076FE11 /* MyPageViewController.swift */ = {isa = PBXFileReference; lastKnownFileType = sourcecode.swift; path = MyPageViewController.swift; sourceTree = "<group>"; };
		DEFE3A2F2AD5440F0076FE11 /* MainViewController.swift */ = {isa = PBXFileReference; lastKnownFileType = sourcecode.swift; path = MainViewController.swift; sourceTree = "<group>"; };
/* End PBXFileReference section */

/* Begin PBXFrameworksBuildPhase section */
		DEFE39F92AD53C3A0076FE11 /* Frameworks */ = {
			isa = PBXFrameworksBuildPhase;
			buildActionMask = 2147483647;
			files = (
				DEFE3A222AD541250076FE11 /* EventBus in Frameworks */,
				3F9445592ADCDE4B0003DCD4 /* DGCharts in Frameworks */,
				0791B34B2AE10B59004B8740 /* AVFoundation.framework in Frameworks */,
				3F14EA8E2AD55E6C0047CE34 /* SnapKit in Frameworks */,
				DE434DF22ADCCD1100C77FE4 /* GoogleSignIn in Frameworks */,
				DE434DF42ADCCD1100C77FE4 /* GoogleSignInSwift in Frameworks */,
			);
			runOnlyForDeploymentPostprocessing = 0;
		};
/* End PBXFrameworksBuildPhase section */

/* Begin PBXGroup section */
		0791B3442AE0F721004B8740 /* CreatePageView */ = {
			isa = PBXGroup;
			children = (
				076638FD2ADD22AD00A38FF5 /* CreatePageView.swift */,
				0759A4572AE26A39000FFF76 /* CreatePageCameraView.swift */,
			);
			path = CreatePageView;
			sourceTree = "<group>";
		};
		0791B3482AE10A7F004B8740 /* Frameworks */ = {
			isa = PBXGroup;
			children = (
				0791B3492AE10A7F004B8740 /* AVFoundation.framework */,
			);
			name = Frameworks;
			sourceTree = "<group>";
		};
		3F783A2B2AD8C4210024D692 /* ReportView */ = {
			isa = PBXGroup;
			children = (
				3F783A292AD8C41B0024D692 /* ReportView.swift */,
				3F783A342AD931C70024D692 /* ReportSummaryCell.swift */,
				3F94455A2ADCFFD20003DCD4 /* ReportDayOfTheWeekCell.swift */,
				3F94455C2ADD00270003DCD4 /* ReportTimeZoneCell.swift */,
			);
			path = ReportView;
			sourceTree = "<group>";
		};
		DE434DF52ADCCD8800C77FE4 /* Services */ = {
			isa = PBXGroup;
			children = (
				DE434DF62ADCCDD400C77FE4 /* CoreDataManager.swift */,
				DE434DF82ADCCDF500C77FE4 /* UserService.swift */,
				3F9445612ADF79D80003DCD4 /* SignInService.swift */,
				3F9445672AE0D2BF0003DCD4 /* EmotionTrashService.swift */,
				3F9445652ADFD5EA0003DCD4 /* ReportService.swift */,
			);
			path = Services;
			sourceTree = "<group>";
		};
		DE434DFE2ADCCE3E00C77FE4 /* SignInView */ = {
			isa = PBXGroup;
			children = (
				DE434DFF2ADCCE5200C77FE4 /* SignInView.swift */,
			);
			path = SignInView;
			sourceTree = "<group>";
		};
		DE434E0C2ADE4F1300C77FE4 /* DetailView */ = {
			isa = PBXGroup;
			children = (
				DE434E0D2ADE4F2800C77FE4 /* DetailView.swift */,
				DEDA76982ADFB98600EA41C1 /* EmotionTrashCell.swift */,
			);
			path = DetailView;
			sourceTree = "<group>";
		};
		DEFE39F32AD53C3A0076FE11 = {
			isa = PBXGroup;
			children = (
				3F783A082AD7DC1A0024D692 /* Model.xcdatamodeld */,
				DEFE39FE2AD53C3A0076FE11 /* HWIBAL */,
				DEFE39FD2AD53C3A0076FE11 /* Products */,
				0791B3482AE10A7F004B8740 /* Frameworks */,
			);
			sourceTree = "<group>";
		};
		DEFE39FD2AD53C3A0076FE11 /* Products */ = {
			isa = PBXGroup;
			children = (
				DEFE39FC2AD53C3A0076FE11 /* HWIBAL.app */,
			);
			name = Products;
			sourceTree = "<group>";
		};
		DEFE39FE2AD53C3A0076FE11 /* HWIBAL */ = {
			isa = PBXGroup;
			children = (
				DE434DF52ADCCD8800C77FE4 /* Services */,
				DEFE3A0D2AD53C3B0076FE11 /* Info.plist */,
				DEFE3A2E2AD542CF0076FE11 /* Models */,
				DEFE3A262AD541D50076FE11 /* Controllers */,
				DEFE3A142AD53EB30076FE11 /* Views */,
				DEFE3A132AD53E720076FE11 /* Resources */,
			);
			path = HWIBAL;
			sourceTree = "<group>";
		};
		DEFE3A132AD53E720076FE11 /* Resources */ = {
			isa = PBXGroup;
			children = (
				DEFE3A082AD53C3B0076FE11 /* Assets.xcassets */,
				DEFE39FF2AD53C3A0076FE11 /* AppDelegate.swift */,
				DEFE3A012AD53C3A0076FE11 /* SceneDelegate.swift */,
				3F783A232AD805330024D692 /* ColorGuide.swift */,
				3F783A252AD8053D0024D692 /* FontGiude.swift */,
				DE434E0F2ADE75D900C77FE4 /* DummyData.swift */,
				3FF18E6D2AE76B9500CC70D2 /* exampleAudio_1.mp3 */,
				3FF18E752AE76BEE00CC70D2 /* exampleAudio_2.mp3 */,
			);
			path = Resources;
			sourceTree = "<group>";
		};
		DEFE3A142AD53EB30076FE11 /* Views */ = {
			isa = PBXGroup;
			children = (
				0791B3442AE0F721004B8740 /* CreatePageView */,
				DE434E0C2ADE4F1300C77FE4 /* DetailView */,
				DE434DFE2ADCCE3E00C77FE4 /* SignInView */,
				3F783A2B2AD8C4210024D692 /* ReportView */,
				DEFE3A232AD5415F0076FE11 /* MyPageView */,
				DEFE3A1D2AD540140076FE11 /* HomeView */,
				DEFE3A152AD53EE80076FE11 /* Shared */,
				DEFE3A0A2AD53C3B0076FE11 /* LaunchScreen.storyboard */,
			);
			path = Views;
			sourceTree = "<group>";
		};
		DEFE3A152AD53EE80076FE11 /* Shared */ = {
			isa = PBXGroup;
			children = (
				DEFE3A162AD53F3C0076FE11 /* RootView.swift */,
				07D18F792AD9482C0080FACA /* AlertView.swift */,
				3F783A2E2AD8C81D0024D692 /* MainButton.swift */,
				3F783A322AD8EA7E0024D692 /* CircleButton.swift */,
				3F783A302AD8E76B0024D692 /* CloseButton.swift */,
				07CBDAA72ADE367300313D15 /* AlertViewDesc.swift */,
			);
			path = Shared;
			sourceTree = "<group>";
		};
		DEFE3A1D2AD540140076FE11 /* HomeView */ = {
			isa = PBXGroup;
			children = (
				DEFE3A1E2AD5402C0076FE11 /* HomeView.swift */,
			);
			path = HomeView;
			sourceTree = "<group>";
		};
		DEFE3A232AD5415F0076FE11 /* MyPageView */ = {
			isa = PBXGroup;
			children = (
				DEFE3A242AD541820076FE11 /* MyPageView.swift */,
				3F783A272AD8090E0024D692 /* MyPageCustomCell.swift */,
			);
			path = MyPageView;
			sourceTree = "<group>";
		};
		DEFE3A262AD541D50076FE11 /* Controllers */ = {
			isa = PBXGroup;
			children = (
				DEFE3A292AD5420A0076FE11 /* Shared */,
				DE434DFA2ADCCE0F00C77FE4 /* SignInViewController.swift */,
				0759A4552AE26A18000FFF76 /* CreatePageCameraViewController.swift */,
				DEFE3A2C2AD5429D0076FE11 /* MyPageViewController.swift */,
				07D18F742AD83ECA0080FACA /* CreatePageViewController.swift */,
				DEFE3A2A2AD542300076FE11 /* HomeViewController.swift */,
				DEFE3A2F2AD5440F0076FE11 /* MainViewController.swift */,
				3F783A2C2AD8C4750024D692 /* ReportViewController.swift */,
				DE434E0A2ADE4F0900C77FE4 /* DetailViewController.swift */,
			);
			path = Controllers;
			sourceTree = "<group>";
		};
		DEFE3A292AD5420A0076FE11 /* Shared */ = {
			isa = PBXGroup;
			children = (
				DEFE3A272AD541FB0076FE11 /* RootViewController.swift */,
				07D18F7B2AD948450080FACA /* AlertViewController.swift */,
				07CBDAA92ADE368400313D15 /* AlertViewControllerDesc.swift */,
			);
			path = Shared;
			sourceTree = "<group>";
		};
		DEFE3A2E2AD542CF0076FE11 /* Models */ = {
			isa = PBXGroup;
			children = (
				3F783A172AD7DFBB0024D692 /* EmotionTrash+CoreDataClass.swift */,
				07BE50C12AE662060055123F /* User+CoreDataClass.swift */,
				0791B34E2AE11846004B8740 /* Recording+CoreDataClass.swift */,
			);
			path = Models;
			sourceTree = "<group>";
		};
/* End PBXGroup section */

/* Begin PBXNativeTarget section */
		DEFE39FB2AD53C3A0076FE11 /* HWIBAL */ = {
			isa = PBXNativeTarget;
			buildConfigurationList = DEFE3A102AD53C3B0076FE11 /* Build configuration list for PBXNativeTarget "HWIBAL" */;
			buildPhases = (
				DEFE39F82AD53C3A0076FE11 /* Sources */,
				DEFE39F92AD53C3A0076FE11 /* Frameworks */,
				DEFE39FA2AD53C3A0076FE11 /* Resources */,
			);
			buildRules = (
			);
			dependencies = (
			);
			name = HWIBAL;
			packageProductDependencies = (
				DEFE3A212AD541250076FE11 /* EventBus */,
				3F14EA8D2AD55E6C0047CE34 /* SnapKit */,
				3F9445582ADCDE4B0003DCD4 /* DGCharts */,
				DE434DF12ADCCD1100C77FE4 /* GoogleSignIn */,
				DE434DF32ADCCD1100C77FE4 /* GoogleSignInSwift */,
			);
			productName = HWIBAL;
			productReference = DEFE39FC2AD53C3A0076FE11 /* HWIBAL.app */;
			productType = "com.apple.product-type.application";
		};
/* End PBXNativeTarget section */

/* Begin PBXProject section */
		DEFE39F42AD53C3A0076FE11 /* Project object */ = {
			isa = PBXProject;
			attributes = {
				BuildIndependentTargetsInParallel = 1;
				LastSwiftUpdateCheck = 1500;
				LastUpgradeCheck = 1500;
				TargetAttributes = {
					DEFE39FB2AD53C3A0076FE11 = {
						CreatedOnToolsVersion = 15.0;
					};
				};
			};
			buildConfigurationList = DEFE39F72AD53C3A0076FE11 /* Build configuration list for PBXProject "HWIBAL" */;
			compatibilityVersion = "Xcode 14.0";
			developmentRegion = en;
			hasScannedForEncodings = 0;
			knownRegions = (
				en,
				Base,
			);
			mainGroup = DEFE39F32AD53C3A0076FE11;
			packageReferences = (
				DEFE3A202AD541250076FE11 /* XCRemoteSwiftPackageReference "EventBus" */,
				3F14EA8C2AD55E6C0047CE34 /* XCRemoteSwiftPackageReference "SnapKit" */,
				3F9445572ADCDE4B0003DCD4 /* XCRemoteSwiftPackageReference "Charts" */,
				DE434DF02ADCCD1100C77FE4 /* XCRemoteSwiftPackageReference "GoogleSignIn-iOS" */,
			);
			productRefGroup = DEFE39FD2AD53C3A0076FE11 /* Products */;
			projectDirPath = "";
			projectRoot = "";
			targets = (
				DEFE39FB2AD53C3A0076FE11 /* HWIBAL */,
			);
		};
/* End PBXProject section */

/* Begin PBXResourcesBuildPhase section */
		DEFE39FA2AD53C3A0076FE11 /* Resources */ = {
			isa = PBXResourcesBuildPhase;
			buildActionMask = 2147483647;
			files = (
				DEFE3A0C2AD53C3B0076FE11 /* LaunchScreen.storyboard in Resources */,
				3FF18E6E2AE76B9500CC70D2 /* exampleAudio_1.mp3 in Resources */,
				3FF18E762AE76BEE00CC70D2 /* exampleAudio_2.mp3 in Resources */,
				DEFE3A092AD53C3B0076FE11 /* Assets.xcassets in Resources */,
			);
			runOnlyForDeploymentPostprocessing = 0;
		};
/* End PBXResourcesBuildPhase section */

/* Begin PBXSourcesBuildPhase section */
		DEFE39F82AD53C3A0076FE11 /* Sources */ = {
			isa = PBXSourcesBuildPhase;
			buildActionMask = 2147483647;
			files = (
				0759A4562AE26A18000FFF76 /* CreatePageCameraViewController.swift in Sources */,
				3F783A332AD8EA7E0024D692 /* CircleButton.swift in Sources */,
				DEFE3A172AD53F3C0076FE11 /* RootView.swift in Sources */,
				DEFE3A2D2AD5429D0076FE11 /* MyPageViewController.swift in Sources */,
				3F783A242AD805330024D692 /* ColorGuide.swift in Sources */,
				DEFE3A002AD53C3A0076FE11 /* AppDelegate.swift in Sources */,
				3F9445662ADFD5EA0003DCD4 /* ReportService.swift in Sources */,
				DEFE3A2B2AD542300076FE11 /* HomeViewController.swift in Sources */,
				3F783A262AD8053D0024D692 /* FontGiude.swift in Sources */,
				DE434DF92ADCCDF500C77FE4 /* UserService.swift in Sources */,
				DEFE3A1F2AD5402C0076FE11 /* HomeView.swift in Sources */,
				3F783A352AD931C70024D692 /* ReportSummaryCell.swift in Sources */,
				3F94455D2ADD00270003DCD4 /* ReportTimeZoneCell.swift in Sources */,
				DE434E002ADCCE5200C77FE4 /* SignInView.swift in Sources */,
				3F783A2A2AD8C41B0024D692 /* ReportView.swift in Sources */,
				DEFE3A022AD53C3A0076FE11 /* SceneDelegate.swift in Sources */,
				DEDA76992ADFB98600EA41C1 /* EmotionTrashCell.swift in Sources */,
				DE434DF72ADCCDD400C77FE4 /* CoreDataManager.swift in Sources */,
				DE434E0B2ADE4F0900C77FE4 /* DetailViewController.swift in Sources */,
				3F9445622ADF79D80003DCD4 /* SignInService.swift in Sources */,
				3F783A312AD8E76B0024D692 /* CloseButton.swift in Sources */,
				DEFE3A302AD5440F0076FE11 /* MainViewController.swift in Sources */,
				07D18F7C2AD948450080FACA /* AlertViewController.swift in Sources */,
				3F783A0A2AD7DC1A0024D692 /* Model.xcdatamodeld in Sources */,
				07CBDAAA2ADE368400313D15 /* AlertViewControllerDesc.swift in Sources */,
				07BE50C32AE662060055123F /* User+CoreDataClass.swift in Sources */,
				3F783A282AD8090E0024D692 /* MyPageCustomCell.swift in Sources */,
				DE434E102ADE75D900C77FE4 /* DummyData.swift in Sources */,
				DE434E0E2ADE4F2800C77FE4 /* DetailView.swift in Sources */,
				DEFE3A252AD541820076FE11 /* MyPageView.swift in Sources */,
				3F783A2F2AD8C81D0024D692 /* MainButton.swift in Sources */,
				0791B34F2AE11846004B8740 /* Recording+CoreDataClass.swift in Sources */,
				076638FE2ADD22AD00A38FF5 /* CreatePageView.swift in Sources */,
				3F783A2D2AD8C4750024D692 /* ReportViewController.swift in Sources */,
				3F94455B2ADCFFD20003DCD4 /* ReportDayOfTheWeekCell.swift in Sources */,
				3F9445682AE0D2BF0003DCD4 /* EmotionTrashService.swift in Sources */,
				DE434DFB2ADCCE0F00C77FE4 /* SignInViewController.swift in Sources */,
				07CBDAA82ADE367300313D15 /* AlertViewDesc.swift in Sources */,
				0759A4582AE26A39000FFF76 /* CreatePageCameraView.swift in Sources */,
				DEFE3A282AD541FB0076FE11 /* RootViewController.swift in Sources */,
				3F783A1D2AD7DFBB0024D692 /* EmotionTrash+CoreDataClass.swift in Sources */,
				07D18F7A2AD9482C0080FACA /* AlertView.swift in Sources */,
				07D18F752AD83ECA0080FACA /* CreatePageViewController.swift in Sources */,
			);
			runOnlyForDeploymentPostprocessing = 0;
		};
/* End PBXSourcesBuildPhase section */

/* Begin PBXVariantGroup section */
		DEFE3A0A2AD53C3B0076FE11 /* LaunchScreen.storyboard */ = {
			isa = PBXVariantGroup;
			children = (
				DEFE3A0B2AD53C3B0076FE11 /* Base */,
			);
			name = LaunchScreen.storyboard;
			sourceTree = "<group>";
		};
/* End PBXVariantGroup section */

/* Begin XCBuildConfiguration section */
		DEFE3A0E2AD53C3B0076FE11 /* Debug */ = {
			isa = XCBuildConfiguration;
			buildSettings = {
				ALWAYS_SEARCH_USER_PATHS = NO;
				ASSETCATALOG_COMPILER_GENERATE_SWIFT_ASSET_SYMBOL_EXTENSIONS = YES;
				CLANG_ANALYZER_NONNULL = YES;
				CLANG_ANALYZER_NUMBER_OBJECT_CONVERSION = YES_AGGRESSIVE;
				CLANG_CXX_LANGUAGE_STANDARD = "gnu++20";
				CLANG_ENABLE_MODULES = YES;
				CLANG_ENABLE_OBJC_ARC = YES;
				CLANG_ENABLE_OBJC_WEAK = YES;
				CLANG_WARN_BLOCK_CAPTURE_AUTORELEASING = YES;
				CLANG_WARN_BOOL_CONVERSION = YES;
				CLANG_WARN_COMMA = YES;
				CLANG_WARN_CONSTANT_CONVERSION = YES;
				CLANG_WARN_DEPRECATED_OBJC_IMPLEMENTATIONS = YES;
				CLANG_WARN_DIRECT_OBJC_ISA_USAGE = YES_ERROR;
				CLANG_WARN_DOCUMENTATION_COMMENTS = YES;
				CLANG_WARN_EMPTY_BODY = YES;
				CLANG_WARN_ENUM_CONVERSION = YES;
				CLANG_WARN_INFINITE_RECURSION = YES;
				CLANG_WARN_INT_CONVERSION = YES;
				CLANG_WARN_NON_LITERAL_NULL_CONVERSION = YES;
				CLANG_WARN_OBJC_IMPLICIT_RETAIN_SELF = YES;
				CLANG_WARN_OBJC_LITERAL_CONVERSION = YES;
				CLANG_WARN_OBJC_ROOT_CLASS = YES_ERROR;
				CLANG_WARN_QUOTED_INCLUDE_IN_FRAMEWORK_HEADER = YES;
				CLANG_WARN_RANGE_LOOP_ANALYSIS = YES;
				CLANG_WARN_STRICT_PROTOTYPES = YES;
				CLANG_WARN_SUSPICIOUS_MOVE = YES;
				CLANG_WARN_UNGUARDED_AVAILABILITY = YES_AGGRESSIVE;
				CLANG_WARN_UNREACHABLE_CODE = YES;
				CLANG_WARN__DUPLICATE_METHOD_MATCH = YES;
				COPY_PHASE_STRIP = NO;
				DEBUG_INFORMATION_FORMAT = dwarf;
				ENABLE_STRICT_OBJC_MSGSEND = YES;
				ENABLE_TESTABILITY = YES;
				ENABLE_USER_SCRIPT_SANDBOXING = YES;
				GCC_C_LANGUAGE_STANDARD = gnu17;
				GCC_DYNAMIC_NO_PIC = NO;
				GCC_NO_COMMON_BLOCKS = YES;
				GCC_OPTIMIZATION_LEVEL = 0;
				GCC_PREPROCESSOR_DEFINITIONS = (
					"DEBUG=1",
					"$(inherited)",
				);
				GCC_WARN_64_TO_32_BIT_CONVERSION = YES;
				GCC_WARN_ABOUT_RETURN_TYPE = YES_ERROR;
				GCC_WARN_UNDECLARED_SELECTOR = YES;
				GCC_WARN_UNINITIALIZED_AUTOS = YES_AGGRESSIVE;
				GCC_WARN_UNUSED_FUNCTION = YES;
				GCC_WARN_UNUSED_VARIABLE = YES;
				IPHONEOS_DEPLOYMENT_TARGET = 17.0;
				LOCALIZATION_PREFERS_STRING_CATALOGS = YES;
				MTL_ENABLE_DEBUG_INFO = INCLUDE_SOURCE;
				MTL_FAST_MATH = YES;
				ONLY_ACTIVE_ARCH = YES;
				SDKROOT = iphoneos;
				SWIFT_ACTIVE_COMPILATION_CONDITIONS = "DEBUG $(inherited)";
				SWIFT_OPTIMIZATION_LEVEL = "-Onone";
			};
			name = Debug;
		};
		DEFE3A0F2AD53C3B0076FE11 /* Release */ = {
			isa = XCBuildConfiguration;
			buildSettings = {
				ALWAYS_SEARCH_USER_PATHS = NO;
				ASSETCATALOG_COMPILER_GENERATE_SWIFT_ASSET_SYMBOL_EXTENSIONS = YES;
				CLANG_ANALYZER_NONNULL = YES;
				CLANG_ANALYZER_NUMBER_OBJECT_CONVERSION = YES_AGGRESSIVE;
				CLANG_CXX_LANGUAGE_STANDARD = "gnu++20";
				CLANG_ENABLE_MODULES = YES;
				CLANG_ENABLE_OBJC_ARC = YES;
				CLANG_ENABLE_OBJC_WEAK = YES;
				CLANG_WARN_BLOCK_CAPTURE_AUTORELEASING = YES;
				CLANG_WARN_BOOL_CONVERSION = YES;
				CLANG_WARN_COMMA = YES;
				CLANG_WARN_CONSTANT_CONVERSION = YES;
				CLANG_WARN_DEPRECATED_OBJC_IMPLEMENTATIONS = YES;
				CLANG_WARN_DIRECT_OBJC_ISA_USAGE = YES_ERROR;
				CLANG_WARN_DOCUMENTATION_COMMENTS = YES;
				CLANG_WARN_EMPTY_BODY = YES;
				CLANG_WARN_ENUM_CONVERSION = YES;
				CLANG_WARN_INFINITE_RECURSION = YES;
				CLANG_WARN_INT_CONVERSION = YES;
				CLANG_WARN_NON_LITERAL_NULL_CONVERSION = YES;
				CLANG_WARN_OBJC_IMPLICIT_RETAIN_SELF = YES;
				CLANG_WARN_OBJC_LITERAL_CONVERSION = YES;
				CLANG_WARN_OBJC_ROOT_CLASS = YES_ERROR;
				CLANG_WARN_QUOTED_INCLUDE_IN_FRAMEWORK_HEADER = YES;
				CLANG_WARN_RANGE_LOOP_ANALYSIS = YES;
				CLANG_WARN_STRICT_PROTOTYPES = YES;
				CLANG_WARN_SUSPICIOUS_MOVE = YES;
				CLANG_WARN_UNGUARDED_AVAILABILITY = YES_AGGRESSIVE;
				CLANG_WARN_UNREACHABLE_CODE = YES;
				CLANG_WARN__DUPLICATE_METHOD_MATCH = YES;
				COPY_PHASE_STRIP = NO;
				DEBUG_INFORMATION_FORMAT = "dwarf-with-dsym";
				ENABLE_NS_ASSERTIONS = NO;
				ENABLE_STRICT_OBJC_MSGSEND = YES;
				ENABLE_USER_SCRIPT_SANDBOXING = YES;
				GCC_C_LANGUAGE_STANDARD = gnu17;
				GCC_NO_COMMON_BLOCKS = YES;
				GCC_WARN_64_TO_32_BIT_CONVERSION = YES;
				GCC_WARN_ABOUT_RETURN_TYPE = YES_ERROR;
				GCC_WARN_UNDECLARED_SELECTOR = YES;
				GCC_WARN_UNINITIALIZED_AUTOS = YES_AGGRESSIVE;
				GCC_WARN_UNUSED_FUNCTION = YES;
				GCC_WARN_UNUSED_VARIABLE = YES;
				IPHONEOS_DEPLOYMENT_TARGET = 17.0;
				LOCALIZATION_PREFERS_STRING_CATALOGS = YES;
				MTL_ENABLE_DEBUG_INFO = NO;
				MTL_FAST_MATH = YES;
				SDKROOT = iphoneos;
				SWIFT_COMPILATION_MODE = wholemodule;
				VALIDATE_PRODUCT = YES;
			};
			name = Release;
		};
		DEFE3A112AD53C3B0076FE11 /* Debug */ = {
			isa = XCBuildConfiguration;
			buildSettings = {
				ASSETCATALOG_COMPILER_APPICON_NAME = AppIcon;
				ASSETCATALOG_COMPILER_GLOBAL_ACCENT_COLOR_NAME = AccentColor;
				CODE_SIGN_STYLE = Automatic;
				CURRENT_PROJECT_VERSION = 1;
				DEVELOPMENT_TEAM = RR4V44S8V9;
				GENERATE_INFOPLIST_FILE = YES;
				INFOPLIST_FILE = HWIBAL/Info.plist;
				INFOPLIST_KEY_NSMicrophoneUsageDescription = "이 앱은 사용자의 음성 입력을 처리하기 위해 마이크에 액세스가 필요합니다.";
				INFOPLIST_KEY_UIApplicationSupportsIndirectInputEvents = YES;
				INFOPLIST_KEY_UILaunchStoryboardName = LaunchScreen;
				INFOPLIST_KEY_UISupportedInterfaceOrientations = "UIInterfaceOrientationLandscapeLeft UIInterfaceOrientationLandscapeRight UIInterfaceOrientationPortrait";
				INFOPLIST_KEY_UISupportedInterfaceOrientations_iPad = "UIInterfaceOrientationLandscapeLeft UIInterfaceOrientationLandscapeRight UIInterfaceOrientationPortraitUpsideDown";
				IPHONEOS_DEPLOYMENT_TARGET = 15.0;
				LD_RUNPATH_SEARCH_PATHS = (
					"$(inherited)",
					"@executable_path/Frameworks",
				);
				MARKETING_VERSION = 1.0;
				PRODUCT_BUNDLE_IDENTIFIER = com.HWIBAL.project;
				PRODUCT_NAME = "$(TARGET_NAME)";
				SWIFT_EMIT_LOC_STRINGS = YES;
				SWIFT_VERSION = 5.0;
				TARGETED_DEVICE_FAMILY = "1,2";
			};
			name = Debug;
		};
		DEFE3A122AD53C3B0076FE11 /* Release */ = {
			isa = XCBuildConfiguration;
			buildSettings = {
				ASSETCATALOG_COMPILER_APPICON_NAME = AppIcon;
				ASSETCATALOG_COMPILER_GLOBAL_ACCENT_COLOR_NAME = AccentColor;
				CODE_SIGN_IDENTITY = "Apple Development";
				CODE_SIGN_STYLE = Automatic;
				CURRENT_PROJECT_VERSION = 1;
				DEVELOPMENT_TEAM = RR4V44S8V9;
				GENERATE_INFOPLIST_FILE = YES;
				INFOPLIST_FILE = HWIBAL/Info.plist;
				INFOPLIST_KEY_NSMicrophoneUsageDescription = "이 앱은 사용자의 음성 입력을 처리하기 위해 마이크에 액세스가 필요합니다.";
				INFOPLIST_KEY_UIApplicationSupportsIndirectInputEvents = YES;
				INFOPLIST_KEY_UILaunchStoryboardName = LaunchScreen;
				INFOPLIST_KEY_UISupportedInterfaceOrientations = "UIInterfaceOrientationLandscapeLeft UIInterfaceOrientationLandscapeRight UIInterfaceOrientationPortrait";
				INFOPLIST_KEY_UISupportedInterfaceOrientations_iPad = "UIInterfaceOrientationLandscapeLeft UIInterfaceOrientationLandscapeRight UIInterfaceOrientationPortraitUpsideDown";
				IPHONEOS_DEPLOYMENT_TARGET = 15.0;
				LD_RUNPATH_SEARCH_PATHS = (
					"$(inherited)",
					"@executable_path/Frameworks",
				);
				MARKETING_VERSION = 1.0;
				PRODUCT_BUNDLE_IDENTIFIER = com.HWIBAL.project;
				PRODUCT_NAME = "$(TARGET_NAME)";
				PROVISIONING_PROFILE_SPECIFIER = "";
				SWIFT_EMIT_LOC_STRINGS = YES;
				SWIFT_VERSION = 5.0;
				TARGETED_DEVICE_FAMILY = "1,2";
			};
			name = Release;
		};
/* End XCBuildConfiguration section */

/* Begin XCConfigurationList section */
		DEFE39F72AD53C3A0076FE11 /* Build configuration list for PBXProject "HWIBAL" */ = {
			isa = XCConfigurationList;
			buildConfigurations = (
				DEFE3A0E2AD53C3B0076FE11 /* Debug */,
				DEFE3A0F2AD53C3B0076FE11 /* Release */,
			);
			defaultConfigurationIsVisible = 0;
			defaultConfigurationName = Release;
		};
		DEFE3A102AD53C3B0076FE11 /* Build configuration list for PBXNativeTarget "HWIBAL" */ = {
			isa = XCConfigurationList;
			buildConfigurations = (
				DEFE3A112AD53C3B0076FE11 /* Debug */,
				DEFE3A122AD53C3B0076FE11 /* Release */,
			);
			defaultConfigurationIsVisible = 0;
			defaultConfigurationName = Release;
		};
/* End XCConfigurationList section */

/* Begin XCRemoteSwiftPackageReference section */
		3F14EA8C2AD55E6C0047CE34 /* XCRemoteSwiftPackageReference "SnapKit" */ = {
			isa = XCRemoteSwiftPackageReference;
			repositoryURL = "https://github.com/SnapKit/SnapKit.git";
			requirement = {
				kind = upToNextMajorVersion;
				minimumVersion = 5.0.0;
			};
		};
		3F9445572ADCDE4B0003DCD4 /* XCRemoteSwiftPackageReference "Charts" */ = {
			isa = XCRemoteSwiftPackageReference;
			repositoryURL = "https://github.com/danielgindi/Charts.git";
			requirement = {
				kind = upToNextMajorVersion;
				minimumVersion = 5.0.0;
			};
		};
		DE434DF02ADCCD1100C77FE4 /* XCRemoteSwiftPackageReference "GoogleSignIn-iOS" */ = {
			isa = XCRemoteSwiftPackageReference;
			repositoryURL = "https://github.com/google/GoogleSignIn-iOS";
			requirement = {
				kind = upToNextMajorVersion;
				minimumVersion = 7.0.0;
			};
		};
		DEFE3A202AD541250076FE11 /* XCRemoteSwiftPackageReference "EventBus" */ = {
			isa = XCRemoteSwiftPackageReference;
			repositoryURL = "https://github.com/swiftarium/EventBus.git";
			requirement = {
				kind = upToNextMajorVersion;
				minimumVersion = 1.1.2;
			};
		};
/* End XCRemoteSwiftPackageReference section */

/* Begin XCSwiftPackageProductDependency section */
		3F14EA8D2AD55E6C0047CE34 /* SnapKit */ = {
			isa = XCSwiftPackageProductDependency;
			package = 3F14EA8C2AD55E6C0047CE34 /* XCRemoteSwiftPackageReference "SnapKit" */;
			productName = SnapKit;
		};
		3F9445582ADCDE4B0003DCD4 /* DGCharts */ = {
			isa = XCSwiftPackageProductDependency;
			package = 3F9445572ADCDE4B0003DCD4 /* XCRemoteSwiftPackageReference "Charts" */;
			productName = DGCharts;
		};
		DE434DF12ADCCD1100C77FE4 /* GoogleSignIn */ = {
			isa = XCSwiftPackageProductDependency;
			package = DE434DF02ADCCD1100C77FE4 /* XCRemoteSwiftPackageReference "GoogleSignIn-iOS" */;
			productName = GoogleSignIn;
		};
		DE434DF32ADCCD1100C77FE4 /* GoogleSignInSwift */ = {
			isa = XCSwiftPackageProductDependency;
			package = DE434DF02ADCCD1100C77FE4 /* XCRemoteSwiftPackageReference "GoogleSignIn-iOS" */;
			productName = GoogleSignInSwift;
		};
		DEFE3A212AD541250076FE11 /* EventBus */ = {
			isa = XCSwiftPackageProductDependency;
			package = DEFE3A202AD541250076FE11 /* XCRemoteSwiftPackageReference "EventBus" */;
			productName = EventBus;
		};
/* End XCSwiftPackageProductDependency section */

/* Begin XCVersionGroup section */
		3F783A082AD7DC1A0024D692 /* Model.xcdatamodeld */ = {
			isa = XCVersionGroup;
			children = (
				3F783A092AD7DC1A0024D692 /* Model.xcdatamodel */,
			);
			currentVersion = 3F783A092AD7DC1A0024D692 /* Model.xcdatamodel */;
			path = Model.xcdatamodeld;
			sourceTree = "<group>";
			versionGroupType = wrapper.xcdatamodel;
		};
/* End XCVersionGroup section */
	};
	rootObject = DEFE39F42AD53C3A0076FE11 /* Project object */;
}
